
Microsoft Visual Studio Solution File, Format Version 12.00
# Visual Studio Version 16
VisualStudioVersion = 16.0.30114.105
MinimumVisualStudioVersion = 10.0.40219.1
Project("{FAE04EC0-301F-11D3-BF4B-00C04F79EFBC}") = "Dominio", "Dominio\Dominio.csproj", "{75E27293-D142-40A5-8F56-9F67D0CB8617}"
EndProject
Project("{FAE04EC0-301F-11D3-BF4B-00C04F79EFBC}") = "Tests", "Tests\Tests.csproj", "{382521A9-A715-432A-BC47-240C10397EF6}"
EndProject
Global
	GlobalSection(SolutionConfigurationPlatforms) = preSolution
		Debug|Any CPU = Debug|Any CPU
		Release|Any CPU = Release|Any CPU
	EndGlobalSection
	GlobalSection(SolutionProperties) = preSolution
		HideSolutionNode = FALSE
	EndGlobalSection
	GlobalSection(ProjectConfigurationPlatforms) = postSolution
		{75E27293-D142-40A5-8F56-9F67D0CB8617}.Debug|Any CPU.ActiveCfg = Debug|Any CPU
		{75E27293-D142-40A5-8F56-9F67D0CB8617}.Debug|Any CPU.Build.0 = Debug|Any CPU
		{75E27293-D142-40A5-8F56-9F67D0CB8617}.Release|Any CPU.ActiveCfg = Release|Any CPU
		{75E27293-D142-40A5-8F56-9F67D0CB8617}.Release|Any CPU.Build.0 = Release|Any CPU
		{382521A9-A715-432A-BC47-240C10397EF6}.Debug|Any CPU.ActiveCfg = Debug|Any CPU
		{382521A9-A715-432A-BC47-240C10397EF6}.Debug|Any CPU.Build.0 = Debug|Any CPU
		{382521A9-A715-432A-BC47-240C10397EF6}.Release|Any CPU.ActiveCfg = Release|Any CPU
		{382521A9-A715-432A-BC47-240C10397EF6}.Release|Any CPU.Build.0 = Release|Any CPU
	EndGlobalSection
EndGlobal
